// !$*UTF8*$!
{
	archiveVersion = 1;
	classes = {
	};
	objectVersion = 46;
	objects = {

/* Begin PBXBuildFile section */
		C81286F61CA9BD6F003BEE57 /* main.m in Sources */ = {isa = PBXBuildFile; fileRef = C81286F51CA9BD6F003BEE57 /* main.m */; };
		C81286F91CA9BD6F003BEE57 /* AppDelegate.m in Sources */ = {isa = PBXBuildFile; fileRef = C81286F81CA9BD6F003BEE57 /* AppDelegate.m */; };
		C81286FC1CA9BD6F003BEE57 /* ViewController.m in Sources */ = {isa = PBXBuildFile; fileRef = C81286FB1CA9BD6F003BEE57 /* ViewController.m */; };
		C81286FF1CA9BD6F003BEE57 /* Main.storyboard in Resources */ = {isa = PBXBuildFile; fileRef = C81286FD1CA9BD6F003BEE57 /* Main.storyboard */; };
		C81287011CA9BD6F003BEE57 /* Assets.xcassets in Resources */ = {isa = PBXBuildFile; fileRef = C81287001CA9BD6F003BEE57 /* Assets.xcassets */; };
		C81287041CA9BD6F003BEE57 /* LaunchScreen.storyboard in Resources */ = {isa = PBXBuildFile; fileRef = C81287021CA9BD6F003BEE57 /* LaunchScreen.storyboard */; };
		C812870F1CA9BD6F003BEE57 /* WeChatTests.m in Sources */ = {isa = PBXBuildFile; fileRef = C812870E1CA9BD6F003BEE57 /* WeChatTests.m */; };
		C812871A1CA9BD6F003BEE57 /* WeChatUITests.m in Sources */ = {isa = PBXBuildFile; fileRef = C81287191CA9BD6F003BEE57 /* WeChatUITests.m */; };
/* End PBXBuildFile section */

/* Begin PBXContainerItemProxy section */
		C812870B1CA9BD6F003BEE57 /* PBXContainerItemProxy */ = {
			isa = PBXContainerItemProxy;
			containerPortal = C81286E91CA9BD6F003BEE57 /* Project object */;
			proxyType = 1;
			remoteGlobalIDString = C81286F01CA9BD6F003BEE57;
			remoteInfo = WeChat;
		};
		C81287161CA9BD6F003BEE57 /* PBXContainerItemProxy */ = {
			isa = PBXContainerItemProxy;
			containerPortal = C81286E91CA9BD6F003BEE57 /* Project object */;
			proxyType = 1;
			remoteGlobalIDString = C81286F01CA9BD6F003BEE57;
			remoteInfo = WeChat;
		};
/* End PBXContainerItemProxy section */

/* Begin PBXFileReference section */
		C81286F11CA9BD6F003BEE57 /* WeChat.app */ = {isa = PBXFileReference; explicitFileType = wrapper.application; includeInIndex = 0; path = WeChat.app; sourceTree = BUILT_PRODUCTS_DIR; };
		C81286F51CA9BD6F003BEE57 /* main.m */ = {isa = PBXFileReference; lastKnownFileType = sourcecode.c.objc; path = main.m; sourceTree = "<group>"; };
		C81286F71CA9BD6F003BEE57 /* AppDelegate.h */ = {isa = PBXFileReference; lastKnownFileType = sourcecode.c.h; path = AppDelegate.h; sourceTree = "<group>"; };
		C81286F81CA9BD6F003BEE57 /* AppDelegate.m */ = {isa = PBXFileReference; lastKnownFileType = sourcecode.c.objc; path = AppDelegate.m; sourceTree = "<group>"; };
		C81286FA1CA9BD6F003BEE57 /* ViewController.h */ = {isa = PBXFileReference; lastKnownFileType = sourcecode.c.h; path = ViewController.h; sourceTree = "<group>"; };
		C81286FB1CA9BD6F003BEE57 /* ViewController.m */ = {isa = PBXFileReference; lastKnownFileType = sourcecode.c.objc; path = ViewController.m; sourceTree = "<group>"; };
		C81286FE1CA9BD6F003BEE57 /* Base */ = {isa = PBXFileReference; lastKnownFileType = file.storyboard; name = Base; path = Base.lproj/Main.storyboard; sourceTree = "<group>"; };
		C81287001CA9BD6F003BEE57 /* Assets.xcassets */ = {isa = PBXFileReference; lastKnownFileType = folder.assetcatalog; path = Assets.xcassets; sourceTree = "<group>"; };
		C81287031CA9BD6F003BEE57 /* Base */ = {isa = PBXFileReference; lastKnownFileType = file.storyboard; name = Base; path = Base.lproj/LaunchScreen.storyboard; sourceTree = "<group>"; };
		C81287051CA9BD6F003BEE57 /* Info.plist */ = {isa = PBXFileReference; lastKnownFileType = text.plist.xml; path = Info.plist; sourceTree = "<group>"; };
		C812870A1CA9BD6F003BEE57 /* WeChatTests.xctest */ = {isa = PBXFileReference; explicitFileType = wrapper.cfbundle; includeInIndex = 0; path = WeChatTests.xctest; sourceTree = BUILT_PRODUCTS_DIR; };
		C812870E1CA9BD6F003BEE57 /* WeChatTests.m */ = {isa = PBXFileReference; lastKnownFileType = sourcecode.c.objc; path = WeChatTests.m; sourceTree = "<group>"; };
		C81287101CA9BD6F003BEE57 /* Info.plist */ = {isa = PBXFileReference; lastKnownFileType = text.plist.xml; path = Info.plist; sourceTree = "<group>"; };
		C81287151CA9BD6F003BEE57 /* WeChatUITests.xctest */ = {isa = PBXFileReference; explicitFileType = wrapper.cfbundle; includeInIndex = 0; path = WeChatUITests.xctest; sourceTree = BUILT_PRODUCTS_DIR; };
		C81287191CA9BD6F003BEE57 /* WeChatUITests.m */ = {isa = PBXFileReference; lastKnownFileType = sourcecode.c.objc; path = WeChatUITests.m; sourceTree = "<group>"; };
		C812871B1CA9BD6F003BEE57 /* Info.plist */ = {isa = PBXFileReference; lastKnownFileType = text.plist.xml; path = Info.plist; sourceTree = "<group>"; };
/* End PBXFileReference section */

/* Begin PBXFrameworksBuildPhase section */
		C81286EE1CA9BD6F003BEE57 /* Frameworks */ = {
			isa = PBXFrameworksBuildPhase;
			buildActionMask = 2147483647;
			files = (
			);
			runOnlyForDeploymentPostprocessing = 0;
		};
		C81287071CA9BD6F003BEE57 /* Frameworks */ = {
			isa = PBXFrameworksBuildPhase;
			buildActionMask = 2147483647;
			files = (
			);
			runOnlyForDeploymentPostprocessing = 0;
		};
		C81287121CA9BD6F003BEE57 /* Frameworks */ = {
			isa = PBXFrameworksBuildPhase;
			buildActionMask = 2147483647;
			files = (
			);
			runOnlyForDeploymentPostprocessing = 0;
		};
/* End PBXFrameworksBuildPhase section */

/* Begin PBXGroup section */
		C81286E81CA9BD6F003BEE57 = {
			isa = PBXGroup;
			children = (
				C81286F31CA9BD6F003BEE57 /* WeChat */,
				C812870D1CA9BD6F003BEE57 /* WeChatTests */,
				C81287181CA9BD6F003BEE57 /* WeChatUITests */,
				C81286F21CA9BD6F003BEE57 /* Products */,
			);
			sourceTree = "<group>";
		};
		C81286F21CA9BD6F003BEE57 /* Products */ = {
			isa = PBXGroup;
			children = (
				C81286F11CA9BD6F003BEE57 /* WeChat.app */,
				C812870A1CA9BD6F003BEE57 /* WeChatTests.xctest */,
				C81287151CA9BD6F003BEE57 /* WeChatUITests.xctest */,
			);
			name = Products;
			sourceTree = "<group>";
		};
		C81286F31CA9BD6F003BEE57 /* WeChat */ = {
			isa = PBXGroup;
			children = (
				C81286F71CA9BD6F003BEE57 /* AppDelegate.h */,
				C81286F81CA9BD6F003BEE57 /* AppDelegate.m */,
				C81286FA1CA9BD6F003BEE57 /* ViewController.h */,
				C81286FB1CA9BD6F003BEE57 /* ViewController.m */,
				C81286FD1CA9BD6F003BEE57 /* Main.storyboard */,
				C81287001CA9BD6F003BEE57 /* Assets.xcassets */,
				C81287021CA9BD6F003BEE57 /* LaunchScreen.storyboard */,
				C81287051CA9BD6F003BEE57 /* Info.plist */,
				C81286F41CA9BD6F003BEE57 /* Supporting Files */,
			);
			path = WeChat;
			sourceTree = "<group>";
		};
		C81286F41CA9BD6F003BEE57 /* Supporting Files */ = {
			isa = PBXGroup;
			children = (
				C81286F51CA9BD6F003BEE57 /* main.m */,
			);
			name = "Supporting Files";
			sourceTree = "<group>";
		};
		C812870D1CA9BD6F003BEE57 /* WeChatTests */ = {
			isa = PBXGroup;
			children = (
				C812870E1CA9BD6F003BEE57 /* WeChatTests.m */,
				C81287101CA9BD6F003BEE57 /* Info.plist */,
			);
			path = WeChatTests;
			sourceTree = "<group>";
		};
		C81287181CA9BD6F003BEE57 /* WeChatUITests */ = {
			isa = PBXGroup;
			children = (
				C81287191CA9BD6F003BEE57 /* WeChatUITests.m */,
				C812871B1CA9BD6F003BEE57 /* Info.plist */,
			);
			path = WeChatUITests;
			sourceTree = "<group>";
		};
/* End PBXGroup section */

/* Begin PBXNativeTarget section */
		C81286F01CA9BD6F003BEE57 /* WeChat */ = {
			isa = PBXNativeTarget;
			buildConfigurationList = C812871E1CA9BD6F003BEE57 /* Build configuration list for PBXNativeTarget "WeChat" */;
			buildPhases = (
				C81286ED1CA9BD6F003BEE57 /* Sources */,
				C81286EE1CA9BD6F003BEE57 /* Frameworks */,
				C81286EF1CA9BD6F003BEE57 /* Resources */,
			);
			buildRules = (
			);
			dependencies = (
			);
			name = WeChat;
			productName = WeChat;
			productReference = C81286F11CA9BD6F003BEE57 /* WeChat.app */;
			productType = "com.apple.product-type.application";
		};
		C81287091CA9BD6F003BEE57 /* WeChatTests */ = {
			isa = PBXNativeTarget;
			buildConfigurationList = C81287211CA9BD6F003BEE57 /* Build configuration list for PBXNativeTarget "WeChatTests" */;
			buildPhases = (
				C81287061CA9BD6F003BEE57 /* Sources */,
				C81287071CA9BD6F003BEE57 /* Frameworks */,
				C81287081CA9BD6F003BEE57 /* Resources */,
			);
			buildRules = (
			);
			dependencies = (
				C812870C1CA9BD6F003BEE57 /* PBXTargetDependency */,
			);
			name = WeChatTests;
			productName = WeChatTests;
			productReference = C812870A1CA9BD6F003BEE57 /* WeChatTests.xctest */;
			productType = "com.apple.product-type.bundle.unit-test";
		};
		C81287141CA9BD6F003BEE57 /* WeChatUITests */ = {
			isa = PBXNativeTarget;
			buildConfigurationList = C81287241CA9BD6F003BEE57 /* Build configuration list for PBXNativeTarget "WeChatUITests" */;
			buildPhases = (
				C81287111CA9BD6F003BEE57 /* Sources */,
				C81287121CA9BD6F003BEE57 /* Frameworks */,
				C81287131CA9BD6F003BEE57 /* Resources */,
			);
			buildRules = (
			);
			dependencies = (
				C81287171CA9BD6F003BEE57 /* PBXTargetDependency */,
			);
			name = WeChatUITests;
			productName = WeChatUITests;
			productReference = C81287151CA9BD6F003BEE57 /* WeChatUITests.xctest */;
			productType = "com.apple.product-type.bundle.ui-testing";
		};
/* End PBXNativeTarget section */

/* Begin PBXProject section */
		C81286E91CA9BD6F003BEE57 /* Project object */ = {
			isa = PBXProject;
			attributes = {
				LastUpgradeCheck = 0700;
				ORGANIZATIONNAME = turingx;
				TargetAttributes = {
					C81286F01CA9BD6F003BEE57 = {
						CreatedOnToolsVersion = 7.0.1;
					};
					C81287091CA9BD6F003BEE57 = {
						CreatedOnToolsVersion = 7.0.1;
						TestTargetID = C81286F01CA9BD6F003BEE57;
					};
					C81287141CA9BD6F003BEE57 = {
						CreatedOnToolsVersion = 7.0.1;
						TestTargetID = C81286F01CA9BD6F003BEE57;
					};
				};
			};
			buildConfigurationList = C81286EC1CA9BD6F003BEE57 /* Build configuration list for PBXProject "WeChat" */;
			compatibilityVersion = "Xcode 3.2";
			developmentRegion = English;
			hasScannedForEncodings = 0;
			knownRegions = (
				en,
				Base,
			);
			mainGroup = C81286E81CA9BD6F003BEE57;
			productRefGroup = C81286F21CA9BD6F003BEE57 /* Products */;
			projectDirPath = "";
			projectRoot = "";
			targets = (
				C81286F01CA9BD6F003BEE57 /* WeChat */,
				C81287091CA9BD6F003BEE57 /* WeChatTests */,
				C81287141CA9BD6F003BEE57 /* WeChatUITests */,
			);
		};
/* End PBXProject section */

/* Begin PBXResourcesBuildPhase section */
		C81286EF1CA9BD6F003BEE57 /* Resources */ = {
			isa = PBXResourcesBuildPhase;
			buildActionMask = 2147483647;
			files = (
				C81287041CA9BD6F003BEE57 /* LaunchScreen.storyboard in Resources */,
				C81287011CA9BD6F003BEE57 /* Assets.xcassets in Resources */,
				C81286FF1CA9BD6F003BEE57 /* Main.storyboard in Resources */,
			);
			runOnlyForDeploymentPostprocessing = 0;
		};
		C81287081CA9BD6F003BEE57 /* Resources */ = {
			isa = PBXResourcesBuildPhase;
			buildActionMask = 2147483647;
			files = (
			);
			runOnlyForDeploymentPostprocessing = 0;
		};
		C81287131CA9BD6F003BEE57 /* Resources */ = {
			isa = PBXResourcesBuildPhase;
			buildActionMask = 2147483647;
			files = (
			);
			runOnlyForDeploymentPostprocessing = 0;
		};
/* End PBXResourcesBuildPhase section */

/* Begin PBXSourcesBuildPhase section */
		C81286ED1CA9BD6F003BEE57 /* Sources */ = {
			isa = PBXSourcesBuildPhase;
			buildActionMask = 2147483647;
			files = (
				C81286FC1CA9BD6F003BEE57 /* ViewController.m in Sources */,
				C81286F91CA9BD6F003BEE57 /* AppDelegate.m in Sources */,
				C81286F61CA9BD6F003BEE57 /* main.m in Sources */,
			);
			runOnlyForDeploymentPostprocessing = 0;
		};
		C81287061CA9BD6F003BEE57 /* Sources */ = {
			isa = PBXSourcesBuildPhase;
			buildActionMask = 2147483647;
			files = (
				C812870F1CA9BD6F003BEE57 /* WeChatTests.m in Sources */,
			);
			runOnlyForDeploymentPostprocessing = 0;
		};
		C81287111CA9BD6F003BEE57 /* Sources */ = {
			isa = PBXSourcesBuildPhase;
			buildActionMask = 2147483647;
			files = (
				C812871A1CA9BD6F003BEE57 /* WeChatUITests.m in Sources */,
			);
			runOnlyForDeploymentPostprocessing = 0;
		};
/* End PBXSourcesBuildPhase section */

/* Begin PBXTargetDependency section */
		C812870C1CA9BD6F003BEE57 /* PBXTargetDependency */ = {
			isa = PBXTargetDependency;
			target = C81286F01CA9BD6F003BEE57 /* WeChat */;
			targetProxy = C812870B1CA9BD6F003BEE57 /* PBXContainerItemProxy */;
		};
		C81287171CA9BD6F003BEE57 /* PBXTargetDependency */ = {
			isa = PBXTargetDependency;
			target = C81286F01CA9BD6F003BEE57 /* WeChat */;
			targetProxy = C81287161CA9BD6F003BEE57 /* PBXContainerItemProxy */;
		};
/* End PBXTargetDependency section */

/* Begin PBXVariantGroup section */
		C81286FD1CA9BD6F003BEE57 /* Main.storyboard */ = {
			isa = PBXVariantGroup;
			children = (
				C81286FE1CA9BD6F003BEE57 /* Base */,
			);
			name = Main.storyboard;
			sourceTree = "<group>";
		};
		C81287021CA9BD6F003BEE57 /* LaunchScreen.storyboard */ = {
			isa = PBXVariantGroup;
			children = (
				C81287031CA9BD6F003BEE57 /* Base */,
			);
			name = LaunchScreen.storyboard;
			sourceTree = "<group>";
		};
/* End PBXVariantGroup section */

/* Begin XCBuildConfiguration section */
		C812871C1CA9BD6F003BEE57 /* Debug */ = {
			isa = XCBuildConfiguration;
			buildSettings = {
				ALWAYS_SEARCH_USER_PATHS = NO;
				CLANG_CXX_LANGUAGE_STANDARD = "gnu++0x";
				CLANG_CXX_LIBRARY = "libc++";
				CLANG_ENABLE_MODULES = YES;
				CLANG_ENABLE_OBJC_ARC = YES;
				CLANG_WARN_BOOL_CONVERSION = YES;
				CLANG_WARN_CONSTANT_CONVERSION = YES;
				CLANG_WARN_DIRECT_OBJC_ISA_USAGE = YES_ERROR;
				CLANG_WARN_EMPTY_BODY = YES;
				CLANG_WARN_ENUM_CONVERSION = YES;
				CLANG_WARN_INT_CONVERSION = YES;
				CLANG_WARN_OBJC_ROOT_CLASS = YES_ERROR;
				CLANG_WARN_UNREACHABLE_CODE = YES;
				CLANG_WARN__DUPLICATE_METHOD_MATCH = YES;
				"CODE_SIGN_IDENTITY[sdk=iphoneos*]" = "iPhone Developer";
				COPY_PHASE_STRIP = NO;
				DEBUG_INFORMATION_FORMAT = dwarf;
				ENABLE_STRICT_OBJC_MSGSEND = YES;
				ENABLE_TESTABILITY = YES;
				GCC_C_LANGUAGE_STANDARD = gnu99;
				GCC_DYNAMIC_NO_PIC = NO;
				GCC_NO_COMMON_BLOCKS = YES;
				GCC_OPTIMIZATION_LEVEL = 0;
				GCC_PREPROCESSOR_DEFINITIONS = (
					"DEBUG=1",
					"$(inherited)",
				);
				GCC_WARN_64_TO_32_BIT_CONVERSION = YES;
				GCC_WARN_ABOUT_RETURN_TYPE = YES_ERROR;
				GCC_WARN_UNDECLARED_SELECTOR = YES;
				GCC_WARN_UNINITIALIZED_AUTOS = YES_AGGRESSIVE;
				GCC_WARN_UNUSED_FUNCTION = YES;
				GCC_WARN_UNUSED_VARIABLE = YES;
				IPHONEOS_DEPLOYMENT_TARGET = 9.0;
				MTL_ENABLE_DEBUG_INFO = YES;
				ONLY_ACTIVE_ARCH = YES;
				SDKROOT = iphoneos;
			};
			name = Debug;
		};
		C812871D1CA9BD6F003BEE57 /* Release */ = {
			isa = XCBuildConfiguration;
			buildSettings = {
				ALWAYS_SEARCH_USER_PATHS = NO;
				CLANG_CXX_LANGUAGE_STANDARD = "gnu++0x";
				CLANG_CXX_LIBRARY = "libc++";
				CLANG_ENABLE_MODULES = YES;
				CLANG_ENABLE_OBJC_ARC = YES;
				CLANG_WARN_BOOL_CONVERSION = YES;
				CLANG_WARN_CONSTANT_CONVERSION = YES;
				CLANG_WARN_DIRECT_OBJC_ISA_USAGE = YES_ERROR;
				CLANG_WARN_EMPTY_BODY = YES;
				CLANG_WARN_ENUM_CONVERSION = YES;
				CLANG_WARN_INT_CONVERSION = YES;
				CLANG_WARN_OBJC_ROOT_CLASS = YES_ERROR;
				CLANG_WARN_UNREACHABLE_CODE = YES;
				CLANG_WARN__DUPLICATE_METHOD_MATCH = YES;
				"CODE_SIGN_IDENTITY[sdk=iphoneos*]" = "iPhone Developer";
				COPY_PHASE_STRIP = NO;
				DEBUG_INFORMATION_FORMAT = "dwarf-with-dsym";
				ENABLE_NS_ASSERTIONS = NO;
				ENABLE_STRICT_OBJC_MSGSEND = YES;
				GCC_C_LANGUAGE_STANDARD = gnu99;
				GCC_NO_COMMON_BLOCKS = YES;
				GCC_WARN_64_TO_32_BIT_CONVERSION = YES;
				GCC_WARN_ABOUT_RETURN_TYPE = YES_ERROR;
				GCC_WARN_UNDECLARED_SELECTOR = YES;
				GCC_WARN_UNINITIALIZED_AUTOS = YES_AGGRESSIVE;
				GCC_WARN_UNUSED_FUNCTION = YES;
				GCC_WARN_UNUSED_VARIABLE = YES;
				IPHONEOS_DEPLOYMENT_TARGET = 9.0;
				MTL_ENABLE_DEBUG_INFO = NO;
				SDKROOT = iphoneos;
				VALIDATE_PRODUCT = YES;
			};
			name = Release;
		};
		C812871F1CA9BD6F003BEE57 /* Debug */ = {
			isa = XCBuildConfiguration;
			buildSettings = {
				ASSETCATALOG_COMPILER_APPICON_NAME = AppIcon;
				INFOPLIST_FILE = WeChat/Info.plist;
				LD_RUNPATH_SEARCH_PATHS = "$(inherited) @executable_path/Frameworks";
				PRODUCT_BUNDLE_IDENTIFIER = com.turingx.WeChat;
				PRODUCT_NAME = "$(TARGET_NAME)";
			};
			name = Debug;
		};
		C81287201CA9BD6F003BEE57 /* Release */ = {
			isa = XCBuildConfiguration;
			buildSettings = {
				ASSETCATALOG_COMPILER_APPICON_NAME = AppIcon;
				INFOPLIST_FILE = WeChat/Info.plist;
				LD_RUNPATH_SEARCH_PATHS = "$(inherited) @executable_path/Frameworks";
				PRODUCT_BUNDLE_IDENTIFIER = com.turingx.WeChat;
				PRODUCT_NAME = "$(TARGET_NAME)";
			};
			name = Release;
		};
		C81287221CA9BD6F003BEE57 /* Debug */ = {
			isa = XCBuildConfiguration;
			buildSettings = {
				BUNDLE_LOADER = "$(TEST_HOST)";
				INFOPLIST_FILE = WeChatTests/Info.plist;
				LD_RUNPATH_SEARCH_PATHS = "$(inherited) @executable_path/Frameworks @loader_path/Frameworks";
				PRODUCT_BUNDLE_IDENTIFIER = com.turingx.WeChatTests;
				PRODUCT_NAME = "$(TARGET_NAME)";
				TEST_HOST = "$(BUILT_PRODUCTS_DIR)/WeChat.app/WeChat";
			};
			name = Debug;
		};
		C81287231CA9BD6F003BEE57 /* Release */ = {
			isa = XCBuildConfiguration;
			buildSettings = {
				BUNDLE_LOADER = "$(TEST_HOST)";
				INFOPLIST_FILE = WeChatTests/Info.plist;
				LD_RUNPATH_SEARCH_PATHS = "$(inherited) @executable_path/Frameworks @loader_path/Frameworks";
				PRODUCT_BUNDLE_IDENTIFIER = com.turingx.WeChatTests;
				PRODUCT_NAME = "$(TARGET_NAME)";
				TEST_HOST = "$(BUILT_PRODUCTS_DIR)/WeChat.app/WeChat";
			};
			name = Release;
		};
		C81287251CA9BD6F003BEE57 /* Debug */ = {
			isa = XCBuildConfiguration;
			buildSettings = {
				INFOPLIST_FILE = WeChatUITests/Info.plist;
				LD_RUNPATH_SEARCH_PATHS = "$(inherited) @executable_path/Frameworks @loader_path/Frameworks";
				PRODUCT_BUNDLE_IDENTIFIER = com.turingx.WeChatUITests;
				PRODUCT_NAME = "$(TARGET_NAME)";
				TEST_TARGET_NAME = WeChat;
				USES_XCTRUNNER = YES;
			};
			name = Debug;
		};
		C81287261CA9BD6F003BEE57 /* Release */ = {
			isa = XCBuildConfiguration;
			buildSettings = {
				INFOPLIST_FILE = WeChatUITests/Info.plist;
				LD_RUNPATH_SEARCH_PATHS = "$(inherited) @executable_path/Frameworks @loader_path/Frameworks";
				PRODUCT_BUNDLE_IDENTIFIER = com.turingx.WeChatUITests;
				PRODUCT_NAME = "$(TARGET_NAME)";
				TEST_TARGET_NAME = WeChat;
				USES_XCTRUNNER = YES;
			};
			name = Release;
		};
/* End XCBuildConfiguration section */

/* Begin XCConfigurationList section */
		C81286EC1CA9BD6F003BEE57 /* Build configuration list for PBXProject "WeChat" */ = {
			isa = XCConfigurationList;
			buildConfigurations = (
				C812871C1CA9BD6F003BEE57 /* Debug */,
				C812871D1CA9BD6F003BEE57 /* Release */,
			);
			defaultConfigurationIsVisible = 0;
			defaultConfigurationName = Release;
		};
		C812871E1CA9BD6F003BEE57 /* Build configuration list for PBXNativeTarget "WeChat" */ = {
			isa = XCConfigurationList;
			buildConfigurations = (
				C812871F1CA9BD6F003BEE57 /* Debug */,
				C81287201CA9BD6F003BEE57 /* Release */,
			);
			defaultConfigurationIsVisible = 0;
		};
		C81287211CA9BD6F003BEE57 /* Build configuration list for PBXNativeTarget "WeChatTests" */ = {
			isa = XCConfigurationList;
			buildConfigurations = (
				C81287221CA9BD6F003BEE57 /* Debug */,
				C81287231CA9BD6F003BEE57 /* Release */,
			);
			defaultConfigurationIsVisible = 0;
		};
		C81287241CA9BD6F003BEE57 /* Build configuration list for PBXNativeTarget "WeChatUITests" */ = {
			isa = XCConfigurationList;
			buildConfigurations = (
				C81287251CA9BD6F003BEE57 /* Debug */,
				C81287261CA9BD6F003BEE57 /* Release */,
			);
			defaultConfigurationIsVisible = 0;
		};
/* End XCConfigurationList section */
	};
	rootObject = C81286E91CA9BD6F003BEE57 /* Project object */;
}
